{
    "beberlei/doctrineextensions": {
        "version": "v1.2.6"
    },
    "doctrine/sql-formatter": {
        "version": "1.1.1"
    },
    "egulias/email-validator": {
        "version": "2.1.20"
    },
    "laminas/laminas-zendframework-bridge": {
        "version": "1.1.0"
    },
    "monolog/monolog": {
        "version": "2.0.1"
    },
    "php": {
        "version": "7.4"
    },
    "symfony/asset": {
        "version": "v5.0.1"
    },
    "symfony/debug-bundle": {
        "version": "4.1",
        "recipe": {
            "repo": "github.com/symfony/recipes",
            "branch": "master",
            "version": "4.1",
            "ref": "f8863cbad2f2e58c4b65fa1eac892ab189971bea"
        },
        "files": [
            "config/packages/dev/debug.yaml"
        ]
    },
    "symfony/mailer": {
        "version": "4.3",
        "recipe": {
            "repo": "github.com/symfony/recipes",
            "branch": "master",
            "version": "4.3",
            "ref": "15658c2a0176cda2e7dba66276a2030b52bd81b2"
        },
        "files": [
            "config/packages/mailer.yaml"
        ]
    },
    "symfony/monolog-bridge": {
        "version": "v5.0.1"
    },
    "symfony/monolog-bundle": {
        "version": "3.3",
        "recipe": {
            "repo": "github.com/symfony/recipes",
            "branch": "master",
            "version": "3.3",
            "ref": "6240c6d43e8237a32452f057f81816820fd56ab6"
        },
        "files": [
            "config/packages/dev/monolog.yaml",
            "config/packages/prod/monolog.yaml",
            "config/packages/test/monolog.yaml"
        ]
    },
    "symfony/polyfill-intl-normalizer": {
        "version": "v1.18.1"
    },
    "symfony/polyfill-php80": {
        "version": "v1.18.1"
    },
    "symfony/twig-pack": {
        "version": "v1.0.0"
    },
    "twig/extra-bundle": {
        "version": "v3.0.0"
    },
    "webimpress/safe-writer": {
        "version": "2.1.0"
    }
}
